{
  "name": "shisho",
  "version": "0.4.1",
  "lockfileVersion": 2,
  "requires": true,
  "packages": {
    "": {
      "name": "shisho",
      "version": "0.4.1",
      "license": "GPL-3.0-or-later",
      "dependencies": {
        "g": "^2.0.1",
        "ogl": "^0.0.97",
        "ogl-typescript": "^0.1.40"
      }
    },
    "node_modules/g": {
      "version": "2.0.1",
      "resolved": "https://registry.npmjs.org/g/-/g-2.0.1.tgz",
      "integrity": "sha512-Fi6Ng5fZ/ANLQ15H11hCe+09sgUoNvDEBevVgx3KoYOhsH5iLNPn54hx0jPZ+3oSWr+xajnp2Qau9VmPsc7hTA=="
    },
    "node_modules/ogl": {
      "version": "0.0.97",
      "resolved": "https://registry.npmjs.org/ogl/-/ogl-0.0.97.tgz",
      "integrity": "sha512-8VGNwb+BnVgg80uF2MDJGX+rLja8DPvmSsW1a3KCZO4pQF8sszRCgQVQmUA2EnoIYXtMUEztChkB0fuoFcWLxw=="
    },
    "node_modules/ogl-typescript": {
      "version": "0.1.40",
      "resolved": "https://registry.npmjs.org/ogl-typescript/-/ogl-typescript-0.1.40.tgz",
      "integrity": "sha512-7lpT8u35jd9W7Q48enrcCEL4H0x4co6pn5t6rXZgQN7UT39mcdzRsSr4ucZDOvfwKkUT+UvH2zw83/9mT59bFQ=="
    }
  },
  "dependencies": {
    "g": {
      "version": "2.0.1",
      "resolved": "https://registry.npmjs.org/g/-/g-2.0.1.tgz",
      "integrity": "sha512-Fi6Ng5fZ/ANLQ15H11hCe+09sgUoNvDEBevVgx3KoYOhsH5iLNPn54hx0jPZ+3oSWr+xajnp2Qau9VmPsc7hTA=="
    },
    "ogl": {
      "version": "0.0.97",
      "resolved": "https://registry.npmjs.org/ogl/-/ogl-0.0.97.tgz",
      "integrity": "sha512-8VGNwb+BnVgg80uF2MDJGX+rLja8DPvmSsW1a3KCZO4pQF8sszRCgQVQmUA2EnoIYXtMUEztChkB0fuoFcWLxw=="
    },
    "ogl-typescript": {
      "version": "0.1.40",
      "resolved": "https://registry.npmjs.org/ogl-typescript/-/ogl-typescript-0.1.40.tgz",
      "integrity": "sha512-7lpT8u35jd9W7Q48enrcCEL4H0x4co6pn5t6rXZgQN7UT39mcdzRsSr4ucZDOvfwKkUT+UvH2zw83/9mT59bFQ=="
    }
  }
}
